// !$*UTF8*$!
{
	archiveVersion = 1;
	classes = {
	};
	objectVersion = 56;
	objects = {

/* Begin PBXBuildFile section */
		B06AE9552C80594500A26E2E /* AppDelegate.swift in Sources */ = {isa = PBXBuildFile; fileRef = B06AE9542C80594500A26E2E /* AppDelegate.swift */; };
		B06AE9572C80594500A26E2E /* SceneDelegate.swift in Sources */ = {isa = PBXBuildFile; fileRef = B06AE9562C80594500A26E2E /* SceneDelegate.swift */; };
		B06AE95E2C80594600A26E2E /* Assets.xcassets in Resources */ = {isa = PBXBuildFile; fileRef = B06AE95D2C80594600A26E2E /* Assets.xcassets */; };
		B06AE9612C80594600A26E2E /* Base in Resources */ = {isa = PBXBuildFile; fileRef = B06AE9602C80594600A26E2E /* Base */; };
		B06AE96C2C805B3000A26E2E /* Logger.swift in Sources */ = {isa = PBXBuildFile; fileRef = B06AE96B2C805B3000A26E2E /* Logger.swift */; };
		B06AE96F2C8061A100A26E2E /* NetworkRequester.swift in Sources */ = {isa = PBXBuildFile; fileRef = B06AE96E2C8061A100A26E2E /* NetworkRequester.swift */; };
		B06AE9732C80646E00A26E2E /* EndPoint.swift in Sources */ = {isa = PBXBuildFile; fileRef = B06AE9722C80646E00A26E2E /* EndPoint.swift */; };
		B06AE97D2C81A73E00A26E2E /* ComposableArchitecture in Frameworks */ = {isa = PBXBuildFile; productRef = B06AE97C2C81A73E00A26E2E /* ComposableArchitecture */; };
		B06AE9832C81AAF700A26E2E /* BookSearchView.swift in Sources */ = {isa = PBXBuildFile; fileRef = B06AE9822C81AAF700A26E2E /* BookSearchView.swift */; };
		B06AE9852C81AB1000A26E2E /* BookSearch.swift in Sources */ = {isa = PBXBuildFile; fileRef = B06AE9842C81AB1000A26E2E /* BookSearch.swift */; };
		B06AE9872C81BFAE00A26E2E /* BookSearchClient.swift in Sources */ = {isa = PBXBuildFile; fileRef = B06AE9862C81BFAE00A26E2E /* BookSearchClient.swift */; };
		B06AE98C2C81C54800A26E2E /* VolumeSearchResultsDTO.swift in Sources */ = {isa = PBXBuildFile; fileRef = B06AE98B2C81C54800A26E2E /* VolumeSearchResultsDTO.swift */; };
		B06AE98E2C81C61900A26E2E /* VolumeDTO.swift in Sources */ = {isa = PBXBuildFile; fileRef = B06AE98D2C81C61900A26E2E /* VolumeDTO.swift */; };
		B06AE9902C81C74600A26E2E /* VolumeMetadataDTO.swift in Sources */ = {isa = PBXBuildFile; fileRef = B06AE98F2C81C74600A26E2E /* VolumeMetadataDTO.swift */; };
		B06AE9922C81CF8500A26E2E /* VolumeSearchResults.swift in Sources */ = {isa = PBXBuildFile; fileRef = B06AE9912C81CF8500A26E2E /* VolumeSearchResults.swift */; };
		B06AE9942C81D0BD00A26E2E /* VolumeInformation.swift in Sources */ = {isa = PBXBuildFile; fileRef = B06AE9932C81D0BD00A26E2E /* VolumeInformation.swift */; };
		B06AE9962C81D19200A26E2E /* Volume.swift in Sources */ = {isa = PBXBuildFile; fileRef = B06AE9952C81D19200A26E2E /* Volume.swift */; };
		B06AE99A2C83269E00A26E2E /* APIList.swift in Sources */ = {isa = PBXBuildFile; fileRef = B06AE9992C83269E00A26E2E /* APIList.swift */; };
		B06AE99E2C8377CE00A26E2E /* AppCoordinator.swift in Sources */ = {isa = PBXBuildFile; fileRef = B06AE99D2C8377CE00A26E2E /* AppCoordinator.swift */; };
		B06AE9A02C837CA100A26E2E /* BookDetailViewController.swift in Sources */ = {isa = PBXBuildFile; fileRef = B06AE99F2C837CA100A26E2E /* BookDetailViewController.swift */; };
		B06AE9A32C845E1A00A26E2E /* BookDetailViewModel.swift in Sources */ = {isa = PBXBuildFile; fileRef = B06AE9A22C845E1A00A26E2E /* BookDetailViewModel.swift */; };
/* End PBXBuildFile section */

/* Begin PBXFileReference section */
		B06AE9512C80594500A26E2E /* kidsnote_pre_project.app */ = {isa = PBXFileReference; explicitFileType = wrapper.application; includeInIndex = 0; path = kidsnote_pre_project.app; sourceTree = BUILT_PRODUCTS_DIR; };
		B06AE9542C80594500A26E2E /* AppDelegate.swift */ = {isa = PBXFileReference; lastKnownFileType = sourcecode.swift; path = AppDelegate.swift; sourceTree = "<group>"; };
		B06AE9562C80594500A26E2E /* SceneDelegate.swift */ = {isa = PBXFileReference; lastKnownFileType = sourcecode.swift; path = SceneDelegate.swift; sourceTree = "<group>"; };
		B06AE95D2C80594600A26E2E /* Assets.xcassets */ = {isa = PBXFileReference; lastKnownFileType = folder.assetcatalog; path = Assets.xcassets; sourceTree = "<group>"; };
		B06AE9602C80594600A26E2E /* Base */ = {isa = PBXFileReference; lastKnownFileType = file.storyboard; name = Base; path = Base.lproj/LaunchScreen.storyboard; sourceTree = "<group>"; };
		B06AE9622C80594600A26E2E /* Info.plist */ = {isa = PBXFileReference; lastKnownFileType = text.plist.xml; path = Info.plist; sourceTree = "<group>"; };
		B06AE96B2C805B3000A26E2E /* Logger.swift */ = {isa = PBXFileReference; lastKnownFileType = sourcecode.swift; path = Logger.swift; sourceTree = "<group>"; };
		B06AE96E2C8061A100A26E2E /* NetworkRequester.swift */ = {isa = PBXFileReference; lastKnownFileType = sourcecode.swift; path = NetworkRequester.swift; sourceTree = "<group>"; };
		B06AE9722C80646E00A26E2E /* EndPoint.swift */ = {isa = PBXFileReference; lastKnownFileType = sourcecode.swift; path = EndPoint.swift; sourceTree = "<group>"; };
		B06AE9822C81AAF700A26E2E /* BookSearchView.swift */ = {isa = PBXFileReference; lastKnownFileType = sourcecode.swift; path = BookSearchView.swift; sourceTree = "<group>"; };
		B06AE9842C81AB1000A26E2E /* BookSearch.swift */ = {isa = PBXFileReference; lastKnownFileType = sourcecode.swift; path = BookSearch.swift; sourceTree = "<group>"; };
		B06AE9862C81BFAE00A26E2E /* BookSearchClient.swift */ = {isa = PBXFileReference; lastKnownFileType = sourcecode.swift; path = BookSearchClient.swift; sourceTree = "<group>"; };
		B06AE98B2C81C54800A26E2E /* VolumeSearchResultsDTO.swift */ = {isa = PBXFileReference; lastKnownFileType = sourcecode.swift; path = VolumeSearchResultsDTO.swift; sourceTree = "<group>"; };
		B06AE98D2C81C61900A26E2E /* VolumeDTO.swift */ = {isa = PBXFileReference; lastKnownFileType = sourcecode.swift; path = VolumeDTO.swift; sourceTree = "<group>"; };
		B06AE98F2C81C74600A26E2E /* VolumeMetadataDTO.swift */ = {isa = PBXFileReference; lastKnownFileType = sourcecode.swift; path = VolumeMetadataDTO.swift; sourceTree = "<group>"; };
		B06AE9912C81CF8500A26E2E /* VolumeSearchResults.swift */ = {isa = PBXFileReference; lastKnownFileType = sourcecode.swift; path = VolumeSearchResults.swift; sourceTree = "<group>"; };
		B06AE9932C81D0BD00A26E2E /* VolumeInformation.swift */ = {isa = PBXFileReference; lastKnownFileType = sourcecode.swift; path = VolumeInformation.swift; sourceTree = "<group>"; };
		B06AE9952C81D19200A26E2E /* Volume.swift */ = {isa = PBXFileReference; lastKnownFileType = sourcecode.swift; path = Volume.swift; sourceTree = "<group>"; };
		B06AE9992C83269E00A26E2E /* APIList.swift */ = {isa = PBXFileReference; lastKnownFileType = sourcecode.swift; path = APIList.swift; sourceTree = "<group>"; };
		B06AE99D2C8377CE00A26E2E /* AppCoordinator.swift */ = {isa = PBXFileReference; lastKnownFileType = sourcecode.swift; path = AppCoordinator.swift; sourceTree = "<group>"; };
		B06AE99F2C837CA100A26E2E /* BookDetailViewController.swift */ = {isa = PBXFileReference; lastKnownFileType = sourcecode.swift; path = BookDetailViewController.swift; sourceTree = "<group>"; };
		B06AE9A22C845E1A00A26E2E /* BookDetailViewModel.swift */ = {isa = PBXFileReference; lastKnownFileType = sourcecode.swift; path = BookDetailViewModel.swift; sourceTree = "<group>"; };
/* End PBXFileReference section */

/* Begin PBXFrameworksBuildPhase section */
		B06AE94E2C80594500A26E2E /* Frameworks */ = {
			isa = PBXFrameworksBuildPhase;
			buildActionMask = 2147483647;
			files = (
				B06AE97D2C81A73E00A26E2E /* ComposableArchitecture in Frameworks */,
			);
			runOnlyForDeploymentPostprocessing = 0;
		};
/* End PBXFrameworksBuildPhase section */

/* Begin PBXGroup section */
		B06AE9482C80594500A26E2E = {
			isa = PBXGroup;
			children = (
				B06AE9532C80594500A26E2E /* kidsnote_pre_project */,
				B06AE9522C80594500A26E2E /* Products */,
			);
			sourceTree = "<group>";
		};
		B06AE9522C80594500A26E2E /* Products */ = {
			isa = PBXGroup;
			children = (
				B06AE9512C80594500A26E2E /* kidsnote_pre_project.app */,
			);
			name = Products;
			sourceTree = "<group>";
		};
		B06AE9532C80594500A26E2E /* kidsnote_pre_project */ = {
			isa = PBXGroup;
			children = (
				B06AE97E2C81A96400A26E2E /* Feature */,
				B06AE96D2C80608E00A26E2E /* Network */,
				B06AE96A2C805B0900A26E2E /* Common */,
				B06AE9542C80594500A26E2E /* AppDelegate.swift */,
				B06AE9562C80594500A26E2E /* SceneDelegate.swift */,
				B06AE95D2C80594600A26E2E /* Assets.xcassets */,
				B06AE95F2C80594600A26E2E /* LaunchScreen.storyboard */,
				B06AE9622C80594600A26E2E /* Info.plist */,
				B06AE99D2C8377CE00A26E2E /* AppCoordinator.swift */,
			);
			path = kidsnote_pre_project;
			sourceTree = "<group>";
		};
		B06AE96A2C805B0900A26E2E /* Common */ = {
			isa = PBXGroup;
			children = (
				B06AE96B2C805B3000A26E2E /* Logger.swift */,
			);
			path = Common;
			sourceTree = "<group>";
		};
		B06AE96D2C80608E00A26E2E /* Network */ = {
			isa = PBXGroup;
			children = (
				B06AE96E2C8061A100A26E2E /* NetworkRequester.swift */,
				B06AE9722C80646E00A26E2E /* EndPoint.swift */,
				B06AE9992C83269E00A26E2E /* APIList.swift */,
			);
			path = Network;
			sourceTree = "<group>";
		};
		B06AE97E2C81A96400A26E2E /* Feature */ = {
			isa = PBXGroup;
			children = (
				B06AE9A12C845DF800A26E2E /* BookDetail */,
				B06AE97F2C81A97E00A26E2E /* Search */,
			);
			path = Feature;
			sourceTree = "<group>";
		};
		B06AE97F2C81A97E00A26E2E /* Search */ = {
			isa = PBXGroup;
			children = (
				B06AE9882C81C11100A26E2E /* Models */,
				B06AE9822C81AAF700A26E2E /* BookSearchView.swift */,
				B06AE9842C81AB1000A26E2E /* BookSearch.swift */,
				B06AE9862C81BFAE00A26E2E /* BookSearchClient.swift */,
			);
			path = Search;
			sourceTree = "<group>";
		};
		B06AE9882C81C11100A26E2E /* Models */ = {
			isa = PBXGroup;
			children = (
				B06AE98A2C81C17900A26E2E /* Entity */,
				B06AE9892C81C16500A26E2E /* DTO */,
			);
			path = Models;
			sourceTree = "<group>";
		};
		B06AE9892C81C16500A26E2E /* DTO */ = {
			isa = PBXGroup;
			children = (
				B06AE98B2C81C54800A26E2E /* VolumeSearchResultsDTO.swift */,
				B06AE98D2C81C61900A26E2E /* VolumeDTO.swift */,
				B06AE98F2C81C74600A26E2E /* VolumeMetadataDTO.swift */,
			);
			path = DTO;
			sourceTree = "<group>";
		};
		B06AE98A2C81C17900A26E2E /* Entity */ = {
			isa = PBXGroup;
			children = (
				B06AE9912C81CF8500A26E2E /* VolumeSearchResults.swift */,
				B06AE9932C81D0BD00A26E2E /* VolumeInformation.swift */,
				B06AE9952C81D19200A26E2E /* Volume.swift */,
			);
			path = Entity;
			sourceTree = "<group>";
		};
		B06AE9A12C845DF800A26E2E /* BookDetail */ = {
			isa = PBXGroup;
			children = (
				B06AE99F2C837CA100A26E2E /* BookDetailViewController.swift */,
				B06AE9A22C845E1A00A26E2E /* BookDetailViewModel.swift */,
			);
			path = BookDetail;
			sourceTree = "<group>";
		};
/* End PBXGroup section */

/* Begin PBXNativeTarget section */
		B06AE9502C80594500A26E2E /* kidsnote_pre_project */ = {
			isa = PBXNativeTarget;
			buildConfigurationList = B06AE9652C80594600A26E2E /* Build configuration list for PBXNativeTarget "kidsnote_pre_project" */;
			buildPhases = (
				B06AE94D2C80594500A26E2E /* Sources */,
				B06AE94E2C80594500A26E2E /* Frameworks */,
				B06AE94F2C80594500A26E2E /* Resources */,
			);
			buildRules = (
			);
			dependencies = (
			);
			name = kidsnote_pre_project;
			packageProductDependencies = (
				B06AE97C2C81A73E00A26E2E /* ComposableArchitecture */,
			);
			productName = kidsnote_pre_project;
			productReference = B06AE9512C80594500A26E2E /* kidsnote_pre_project.app */;
			productType = "com.apple.product-type.application";
		};
/* End PBXNativeTarget section */

/* Begin PBXProject section */
		B06AE9492C80594500A26E2E /* Project object */ = {
			isa = PBXProject;
			attributes = {
				BuildIndependentTargetsInParallel = 1;
				LastSwiftUpdateCheck = 1540;
				LastUpgradeCheck = 1540;
				TargetAttributes = {
					B06AE9502C80594500A26E2E = {
						CreatedOnToolsVersion = 15.4;
					};
				};
			};
			buildConfigurationList = B06AE94C2C80594500A26E2E /* Build configuration list for PBXProject "kidsnote_pre_project" */;
			compatibilityVersion = "Xcode 14.0";
			developmentRegion = en;
			hasScannedForEncodings = 0;
			knownRegions = (
				en,
				Base,
			);
			mainGroup = B06AE9482C80594500A26E2E;
			packageReferences = (
				B06AE97B2C81A73E00A26E2E /* XCRemoteSwiftPackageReference "swift-composable-architecture" */,
			);
			productRefGroup = B06AE9522C80594500A26E2E /* Products */;
			projectDirPath = "";
			projectRoot = "";
			targets = (
				B06AE9502C80594500A26E2E /* kidsnote_pre_project */,
			);
		};
/* End PBXProject section */

/* Begin PBXResourcesBuildPhase section */
		B06AE94F2C80594500A26E2E /* Resources */ = {
			isa = PBXResourcesBuildPhase;
			buildActionMask = 2147483647;
			files = (
				B06AE95E2C80594600A26E2E /* Assets.xcassets in Resources */,
				B06AE9612C80594600A26E2E /* Base in Resources */,
			);
			runOnlyForDeploymentPostprocessing = 0;
		};
/* End PBXResourcesBuildPhase section */

/* Begin PBXSourcesBuildPhase section */
		B06AE94D2C80594500A26E2E /* Sources */ = {
			isa = PBXSourcesBuildPhase;
			buildActionMask = 2147483647;
			files = (
				B06AE9832C81AAF700A26E2E /* BookSearchView.swift in Sources */,
				B06AE9732C80646E00A26E2E /* EndPoint.swift in Sources */,
				B06AE99E2C8377CE00A26E2E /* AppCoordinator.swift in Sources */,
				B06AE98E2C81C61900A26E2E /* VolumeDTO.swift in Sources */,
				B06AE9552C80594500A26E2E /* AppDelegate.swift in Sources */,
				B06AE9852C81AB1000A26E2E /* BookSearch.swift in Sources */,
				B06AE9572C80594500A26E2E /* SceneDelegate.swift in Sources */,
				B06AE9962C81D19200A26E2E /* Volume.swift in Sources */,
				B06AE9A32C845E1A00A26E2E /* BookDetailViewModel.swift in Sources */,
				B06AE9922C81CF8500A26E2E /* VolumeSearchResults.swift in Sources */,
				B06AE9872C81BFAE00A26E2E /* BookSearchClient.swift in Sources */,
				B06AE9942C81D0BD00A26E2E /* VolumeInformation.swift in Sources */,
				B06AE98C2C81C54800A26E2E /* VolumeSearchResultsDTO.swift in Sources */,
				B06AE96F2C8061A100A26E2E /* NetworkRequester.swift in Sources */,
				B06AE96C2C805B3000A26E2E /* Logger.swift in Sources */,
				B06AE9A02C837CA100A26E2E /* BookDetailViewController.swift in Sources */,
				B06AE99A2C83269E00A26E2E /* APIList.swift in Sources */,
				B06AE9902C81C74600A26E2E /* VolumeMetadataDTO.swift in Sources */,
			);
			runOnlyForDeploymentPostprocessing = 0;
		};
/* End PBXSourcesBuildPhase section */

/* Begin PBXVariantGroup section */
		B06AE95F2C80594600A26E2E /* LaunchScreen.storyboard */ = {
			isa = PBXVariantGroup;
			children = (
				B06AE9602C80594600A26E2E /* Base */,
			);
			name = LaunchScreen.storyboard;
			sourceTree = "<group>";
		};
/* End PBXVariantGroup section */

/* Begin XCBuildConfiguration section */
		B06AE9632C80594600A26E2E /* Debug */ = {
			isa = XCBuildConfiguration;
			buildSettings = {
				ALWAYS_SEARCH_USER_PATHS = NO;
				ASSETCATALOG_COMPILER_GENERATE_SWIFT_ASSET_SYMBOL_EXTENSIONS = YES;
				CLANG_ANALYZER_NONNULL = YES;
				CLANG_ANALYZER_NUMBER_OBJECT_CONVERSION = YES_AGGRESSIVE;
				CLANG_CXX_LANGUAGE_STANDARD = "gnu++20";
				CLANG_ENABLE_MODULES = YES;
				CLANG_ENABLE_OBJC_ARC = YES;
				CLANG_ENABLE_OBJC_WEAK = YES;
				CLANG_WARN_BLOCK_CAPTURE_AUTORELEASING = YES;
				CLANG_WARN_BOOL_CONVERSION = YES;
				CLANG_WARN_COMMA = YES;
				CLANG_WARN_CONSTANT_CONVERSION = YES;
				CLANG_WARN_DEPRECATED_OBJC_IMPLEMENTATIONS = YES;
				CLANG_WARN_DIRECT_OBJC_ISA_USAGE = YES_ERROR;
				CLANG_WARN_DOCUMENTATION_COMMENTS = YES;
				CLANG_WARN_EMPTY_BODY = YES;
				CLANG_WARN_ENUM_CONVERSION = YES;
				CLANG_WARN_INFINITE_RECURSION = YES;
				CLANG_WARN_INT_CONVERSION = YES;
				CLANG_WARN_NON_LITERAL_NULL_CONVERSION = YES;
				CLANG_WARN_OBJC_IMPLICIT_RETAIN_SELF = YES;
				CLANG_WARN_OBJC_LITERAL_CONVERSION = YES;
				CLANG_WARN_OBJC_ROOT_CLASS = YES_ERROR;
				CLANG_WARN_QUOTED_INCLUDE_IN_FRAMEWORK_HEADER = YES;
				CLANG_WARN_RANGE_LOOP_ANALYSIS = YES;
				CLANG_WARN_STRICT_PROTOTYPES = YES;
				CLANG_WARN_SUSPICIOUS_MOVE = YES;
				CLANG_WARN_UNGUARDED_AVAILABILITY = YES_AGGRESSIVE;
				CLANG_WARN_UNREACHABLE_CODE = YES;
				CLANG_WARN__DUPLICATE_METHOD_MATCH = YES;
				COPY_PHASE_STRIP = NO;
				DEBUG_INFORMATION_FORMAT = dwarf;
				ENABLE_STRICT_OBJC_MSGSEND = YES;
				ENABLE_TESTABILITY = YES;
				ENABLE_USER_SCRIPT_SANDBOXING = YES;
				GCC_C_LANGUAGE_STANDARD = gnu17;
				GCC_DYNAMIC_NO_PIC = NO;
				GCC_NO_COMMON_BLOCKS = YES;
				GCC_OPTIMIZATION_LEVEL = 0;
				GCC_PREPROCESSOR_DEFINITIONS = (
					"DEBUG=1",
					"$(inherited)",
				);
				GCC_WARN_64_TO_32_BIT_CONVERSION = YES;
				GCC_WARN_ABOUT_RETURN_TYPE = YES_ERROR;
				GCC_WARN_UNDECLARED_SELECTOR = YES;
				GCC_WARN_UNINITIALIZED_AUTOS = YES_AGGRESSIVE;
				GCC_WARN_UNUSED_FUNCTION = YES;
				GCC_WARN_UNUSED_VARIABLE = YES;
				IPHONEOS_DEPLOYMENT_TARGET = 15.0;
				LOCALIZATION_PREFERS_STRING_CATALOGS = YES;
				MTL_ENABLE_DEBUG_INFO = INCLUDE_SOURCE;
				MTL_FAST_MATH = YES;
				ONLY_ACTIVE_ARCH = YES;
				SDKROOT = iphoneos;
				SWIFT_ACTIVE_COMPILATION_CONDITIONS = "DEBUG $(inherited)";
				SWIFT_OPTIMIZATION_LEVEL = "-Onone";
			};
			name = Debug;
		};
		B06AE9642C80594600A26E2E /* Release */ = {
			isa = XCBuildConfiguration;
			buildSettings = {
				ALWAYS_SEARCH_USER_PATHS = NO;
				ASSETCATALOG_COMPILER_GENERATE_SWIFT_ASSET_SYMBOL_EXTENSIONS = YES;
				CLANG_ANALYZER_NONNULL = YES;
				CLANG_ANALYZER_NUMBER_OBJECT_CONVERSION = YES_AGGRESSIVE;
				CLANG_CXX_LANGUAGE_STANDARD = "gnu++20";
				CLANG_ENABLE_MODULES = YES;
				CLANG_ENABLE_OBJC_ARC = YES;
				CLANG_ENABLE_OBJC_WEAK = YES;
				CLANG_WARN_BLOCK_CAPTURE_AUTORELEASING = YES;
				CLANG_WARN_BOOL_CONVERSION = YES;
				CLANG_WARN_COMMA = YES;
				CLANG_WARN_CONSTANT_CONVERSION = YES;
				CLANG_WARN_DEPRECATED_OBJC_IMPLEMENTATIONS = YES;
				CLANG_WARN_DIRECT_OBJC_ISA_USAGE = YES_ERROR;
				CLANG_WARN_DOCUMENTATION_COMMENTS = YES;
				CLANG_WARN_EMPTY_BODY = YES;
				CLANG_WARN_ENUM_CONVERSION = YES;
				CLANG_WARN_INFINITE_RECURSION = YES;
				CLANG_WARN_INT_CONVERSION = YES;
				CLANG_WARN_NON_LITERAL_NULL_CONVERSION = YES;
				CLANG_WARN_OBJC_IMPLICIT_RETAIN_SELF = YES;
				CLANG_WARN_OBJC_LITERAL_CONVERSION = YES;
				CLANG_WARN_OBJC_ROOT_CLASS = YES_ERROR;
				CLANG_WARN_QUOTED_INCLUDE_IN_FRAMEWORK_HEADER = YES;
				CLANG_WARN_RANGE_LOOP_ANALYSIS = YES;
				CLANG_WARN_STRICT_PROTOTYPES = YES;
				CLANG_WARN_SUSPICIOUS_MOVE = YES;
				CLANG_WARN_UNGUARDED_AVAILABILITY = YES_AGGRESSIVE;
				CLANG_WARN_UNREACHABLE_CODE = YES;
				CLANG_WARN__DUPLICATE_METHOD_MATCH = YES;
				COPY_PHASE_STRIP = NO;
				DEBUG_INFORMATION_FORMAT = "dwarf-with-dsym";
				ENABLE_NS_ASSERTIONS = NO;
				ENABLE_STRICT_OBJC_MSGSEND = YES;
				ENABLE_USER_SCRIPT_SANDBOXING = YES;
				GCC_C_LANGUAGE_STANDARD = gnu17;
				GCC_NO_COMMON_BLOCKS = YES;
				GCC_WARN_64_TO_32_BIT_CONVERSION = YES;
				GCC_WARN_ABOUT_RETURN_TYPE = YES_ERROR;
				GCC_WARN_UNDECLARED_SELECTOR = YES;
				GCC_WARN_UNINITIALIZED_AUTOS = YES_AGGRESSIVE;
				GCC_WARN_UNUSED_FUNCTION = YES;
				GCC_WARN_UNUSED_VARIABLE = YES;
				IPHONEOS_DEPLOYMENT_TARGET = 15.0;
				LOCALIZATION_PREFERS_STRING_CATALOGS = YES;
				MTL_ENABLE_DEBUG_INFO = NO;
				MTL_FAST_MATH = YES;
				SDKROOT = iphoneos;
				SWIFT_COMPILATION_MODE = wholemodule;
				VALIDATE_PRODUCT = YES;
			};
			name = Release;
		};
		B06AE9662C80594600A26E2E /* Debug */ = {
			isa = XCBuildConfiguration;
			buildSettings = {
				ASSETCATALOG_COMPILER_APPICON_NAME = AppIcon;
				ASSETCATALOG_COMPILER_GLOBAL_ACCENT_COLOR_NAME = AccentColor;
				CODE_SIGN_STYLE = Automatic;
				CURRENT_PROJECT_VERSION = 1;
				GENERATE_INFOPLIST_FILE = YES;
				INFOPLIST_FILE = kidsnote_pre_project/Info.plist;
				INFOPLIST_KEY_UIApplicationSupportsIndirectInputEvents = YES;
				INFOPLIST_KEY_UILaunchStoryboardName = LaunchScreen;
				INFOPLIST_KEY_UIMainStoryboardFile = "";
				INFOPLIST_KEY_UISupportedInterfaceOrientations_iPad = "UIInterfaceOrientationPortrait UIInterfaceOrientationPortraitUpsideDown UIInterfaceOrientationLandscapeLeft UIInterfaceOrientationLandscapeRight";
				INFOPLIST_KEY_UISupportedInterfaceOrientations_iPhone = "UIInterfaceOrientationPortrait UIInterfaceOrientationLandscapeLeft UIInterfaceOrientationLandscapeRight";
				LD_RUNPATH_SEARCH_PATHS = (
					"$(inherited)",
					"@executable_path/Frameworks",
				);
				MARKETING_VERSION = 1.0;
				PRODUCT_BUNDLE_IDENTIFIER = "dev-downey.kidsnote-pre-project";
				PRODUCT_NAME = "$(TARGET_NAME)";
				SWIFT_EMIT_LOC_STRINGS = YES;
				SWIFT_VERSION = 5.0;
				TARGETED_DEVICE_FAMILY = "1,2";
			};
			name = Debug;
		};
		B06AE9672C80594600A26E2E /* Release */ = {
			isa = XCBuildConfiguration;
			buildSettings = {
				ASSETCATALOG_COMPILER_APPICON_NAME = AppIcon;
				ASSETCATALOG_COMPILER_GLOBAL_ACCENT_COLOR_NAME = AccentColor;
				CODE_SIGN_STYLE = Automatic;
				CURRENT_PROJECT_VERSION = 1;
				GENERATE_INFOPLIST_FILE = YES;
				INFOPLIST_FILE = kidsnote_pre_project/Info.plist;
				INFOPLIST_KEY_UIApplicationSupportsIndirectInputEvents = YES;
				INFOPLIST_KEY_UILaunchStoryboardName = LaunchScreen;
				INFOPLIST_KEY_UIMainStoryboardFile = "";
				INFOPLIST_KEY_UISupportedInterfaceOrientations_iPad = "UIInterfaceOrientationPortrait UIInterfaceOrientationPortraitUpsideDown UIInterfaceOrientationLandscapeLeft UIInterfaceOrientationLandscapeRight";
				INFOPLIST_KEY_UISupportedInterfaceOrientations_iPhone = "UIInterfaceOrientationPortrait UIInterfaceOrientationLandscapeLeft UIInterfaceOrientationLandscapeRight";
				LD_RUNPATH_SEARCH_PATHS = (
					"$(inherited)",
					"@executable_path/Frameworks",
				);
				MARKETING_VERSION = 1.0;
				PRODUCT_BUNDLE_IDENTIFIER = "dev-downey.kidsnote-pre-project";
				PRODUCT_NAME = "$(TARGET_NAME)";
				SWIFT_EMIT_LOC_STRINGS = YES;
				SWIFT_VERSION = 5.0;
				TARGETED_DEVICE_FAMILY = "1,2";
			};
			name = Release;
		};
/* End XCBuildConfiguration section */

/* Begin XCConfigurationList section */
		B06AE94C2C80594500A26E2E /* Build configuration list for PBXProject "kidsnote_pre_project" */ = {
			isa = XCConfigurationList;
			buildConfigurations = (
				B06AE9632C80594600A26E2E /* Debug */,
				B06AE9642C80594600A26E2E /* Release */,
			);
			defaultConfigurationIsVisible = 0;
			defaultConfigurationName = Release;
		};
		B06AE9652C80594600A26E2E /* Build configuration list for PBXNativeTarget "kidsnote_pre_project" */ = {
			isa = XCConfigurationList;
			buildConfigurations = (
				B06AE9662C80594600A26E2E /* Debug */,
				B06AE9672C80594600A26E2E /* Release */,
			);
			defaultConfigurationIsVisible = 0;
			defaultConfigurationName = Release;
		};
/* End XCConfigurationList section */

/* Begin XCRemoteSwiftPackageReference section */
		B06AE97B2C81A73E00A26E2E /* XCRemoteSwiftPackageReference "swift-composable-architecture" */ = {
			isa = XCRemoteSwiftPackageReference;
			repositoryURL = "https://github.com/pointfreeco/swift-composable-architecture";
			requirement = {
				kind = exactVersion;
				version = 1.5.6;
			};
		};
/* End XCRemoteSwiftPackageReference section */

/* Begin XCSwiftPackageProductDependency section */
		B06AE97C2C81A73E00A26E2E /* ComposableArchitecture */ = {
			isa = XCSwiftPackageProductDependency;
			package = B06AE97B2C81A73E00A26E2E /* XCRemoteSwiftPackageReference "swift-composable-architecture" */;
			productName = ComposableArchitecture;
		};
/* End XCSwiftPackageProductDependency section */
	};
	rootObject = B06AE9492C80594500A26E2E /* Project object */;
}
